// !$*UTF8*$!
{
	archiveVersion = 1;
	classes = {
	};
	objectVersion = 46;
	objects = {

/* Begin PBXBuildFile section */
		39FCBC4A1F4D417B00D0AC04 /* AppDelegate.swift in Sources */ = {isa = PBXBuildFile; fileRef = 39FCBC491F4D417B00D0AC04 /* AppDelegate.swift */; };
		39FCBC4C1F4D417B00D0AC04 /* ViewController.swift in Sources */ = {isa = PBXBuildFile; fileRef = 39FCBC4B1F4D417B00D0AC04 /* ViewController.swift */; };
		39FCBC4F1F4D417B00D0AC04 /* Main.storyboard in Resources */ = {isa = PBXBuildFile; fileRef = 39FCBC4D1F4D417B00D0AC04 /* Main.storyboard */; };
		39FCBC511F4D417B00D0AC04 /* Assets.xcassets in Resources */ = {isa = PBXBuildFile; fileRef = 39FCBC501F4D417B00D0AC04 /* Assets.xcassets */; };
		39FCBC541F4D417B00D0AC04 /* LaunchScreen.storyboard in Resources */ = {isa = PBXBuildFile; fileRef = 39FCBC521F4D417B00D0AC04 /* LaunchScreen.storyboard */; };
		39FCBC5F1F4D417B00D0AC04 /* HierarchyTableViewTests.swift in Sources */ = {isa = PBXBuildFile; fileRef = 39FCBC5E1F4D417B00D0AC04 /* HierarchyTableViewTests.swift */; };
		39FCBC6A1F4D417B00D0AC04 /* HierarchyTableViewUITests.swift in Sources */ = {isa = PBXBuildFile; fileRef = 39FCBC691F4D417B00D0AC04 /* HierarchyTableViewUITests.swift */; };
/* End PBXBuildFile section */

/* Begin PBXContainerItemProxy section */
		39FCBC5B1F4D417B00D0AC04 /* PBXContainerItemProxy */ = {
			isa = PBXContainerItemProxy;
			containerPortal = 39FCBC3E1F4D417B00D0AC04 /* Project object */;
			proxyType = 1;
			remoteGlobalIDString = 39FCBC451F4D417B00D0AC04;
			remoteInfo = HierarchyTableView;
		};
		39FCBC661F4D417B00D0AC04 /* PBXContainerItemProxy */ = {
			isa = PBXContainerItemProxy;
			containerPortal = 39FCBC3E1F4D417B00D0AC04 /* Project object */;
			proxyType = 1;
			remoteGlobalIDString = 39FCBC451F4D417B00D0AC04;
			remoteInfo = HierarchyTableView;
		};
/* End PBXContainerItemProxy section */

/* Begin PBXFileReference section */
		39FCBC461F4D417B00D0AC04 /* HierarchyTableView.app */ = {isa = PBXFileReference; explicitFileType = wrapper.application; includeInIndex = 0; path = HierarchyTableView.app; sourceTree = BUILT_PRODUCTS_DIR; };
		39FCBC491F4D417B00D0AC04 /* AppDelegate.swift */ = {isa = PBXFileReference; lastKnownFileType = sourcecode.swift; path = AppDelegate.swift; sourceTree = "<group>"; };
		39FCBC4B1F4D417B00D0AC04 /* ViewController.swift */ = {isa = PBXFileReference; lastKnownFileType = sourcecode.swift; path = ViewController.swift; sourceTree = "<group>"; };
		39FCBC4E1F4D417B00D0AC04 /* Base */ = {isa = PBXFileReference; lastKnownFileType = file.storyboard; name = Base; path = Base.lproj/Main.storyboard; sourceTree = "<group>"; };
		39FCBC501F4D417B00D0AC04 /* Assets.xcassets */ = {isa = PBXFileReference; lastKnownFileType = folder.assetcatalog; path = Assets.xcassets; sourceTree = "<group>"; };
		39FCBC531F4D417B00D0AC04 /* Base */ = {isa = PBXFileReference; lastKnownFileType = file.storyboard; name = Base; path = Base.lproj/LaunchScreen.storyboard; sourceTree = "<group>"; };
		39FCBC551F4D417B00D0AC04 /* Info.plist */ = {isa = PBXFileReference; lastKnownFileType = text.plist.xml; path = Info.plist; sourceTree = "<group>"; };
		39FCBC5A1F4D417B00D0AC04 /* HierarchyTableViewTests.xctest */ = {isa = PBXFileReference; explicitFileType = wrapper.cfbundle; includeInIndex = 0; path = HierarchyTableViewTests.xctest; sourceTree = BUILT_PRODUCTS_DIR; };
		39FCBC5E1F4D417B00D0AC04 /* HierarchyTableViewTests.swift */ = {isa = PBXFileReference; lastKnownFileType = sourcecode.swift; path = HierarchyTableViewTests.swift; sourceTree = "<group>"; };
		39FCBC601F4D417B00D0AC04 /* Info.plist */ = {isa = PBXFileReference; lastKnownFileType = text.plist.xml; path = Info.plist; sourceTree = "<group>"; };
		39FCBC651F4D417B00D0AC04 /* HierarchyTableViewUITests.xctest */ = {isa = PBXFileReference; explicitFileType = wrapper.cfbundle; includeInIndex = 0; path = HierarchyTableViewUITests.xctest; sourceTree = BUILT_PRODUCTS_DIR; };
		39FCBC691F4D417B00D0AC04 /* HierarchyTableViewUITests.swift */ = {isa = PBXFileReference; lastKnownFileType = sourcecode.swift; path = HierarchyTableViewUITests.swift; sourceTree = "<group>"; };
		39FCBC6B1F4D417B00D0AC04 /* Info.plist */ = {isa = PBXFileReference; lastKnownFileType = text.plist.xml; path = Info.plist; sourceTree = "<group>"; };
/* End PBXFileReference section */

/* Begin PBXFrameworksBuildPhase section */
		39FCBC431F4D417B00D0AC04 /* Frameworks */ = {
			isa = PBXFrameworksBuildPhase;
			buildActionMask = 2147483647;
			files = (
			);
			runOnlyForDeploymentPostprocessing = 0;
		};
		39FCBC571F4D417B00D0AC04 /* Frameworks */ = {
			isa = PBXFrameworksBuildPhase;
			buildActionMask = 2147483647;
			files = (
			);
			runOnlyForDeploymentPostprocessing = 0;
		};
		39FCBC621F4D417B00D0AC04 /* Frameworks */ = {
			isa = PBXFrameworksBuildPhase;
			buildActionMask = 2147483647;
			files = (
			);
			runOnlyForDeploymentPostprocessing = 0;
		};
/* End PBXFrameworksBuildPhase section */

/* Begin PBXGroup section */
		39FCBC3D1F4D417B00D0AC04 = {
			isa = PBXGroup;
			children = (
				39FCBC481F4D417B00D0AC04 /* HierarchyTableView */,
				39FCBC5D1F4D417B00D0AC04 /* HierarchyTableViewTests */,
				39FCBC681F4D417B00D0AC04 /* HierarchyTableViewUITests */,
				39FCBC471F4D417B00D0AC04 /* Products */,
			);
			sourceTree = "<group>";
		};
		39FCBC471F4D417B00D0AC04 /* Products */ = {
			isa = PBXGroup;
			children = (
				39FCBC461F4D417B00D0AC04 /* HierarchyTableView.app */,
				39FCBC5A1F4D417B00D0AC04 /* HierarchyTableViewTests.xctest */,
				39FCBC651F4D417B00D0AC04 /* HierarchyTableViewUITests.xctest */,
			);
			name = Products;
			sourceTree = "<group>";
		};
		39FCBC481F4D417B00D0AC04 /* HierarchyTableView */ = {
			isa = PBXGroup;
			children = (
				39FCBC491F4D417B00D0AC04 /* AppDelegate.swift */,
				39FCBC4B1F4D417B00D0AC04 /* ViewController.swift */,
				39FCBC4D1F4D417B00D0AC04 /* Main.storyboard */,
				39FCBC501F4D417B00D0AC04 /* Assets.xcassets */,
				39FCBC521F4D417B00D0AC04 /* LaunchScreen.storyboard */,
				39FCBC551F4D417B00D0AC04 /* Info.plist */,
			);
			path = HierarchyTableView;
			sourceTree = "<group>";
		};
		39FCBC5D1F4D417B00D0AC04 /* HierarchyTableViewTests */ = {
			isa = PBXGroup;
			children = (
				39FCBC5E1F4D417B00D0AC04 /* HierarchyTableViewTests.swift */,
				39FCBC601F4D417B00D0AC04 /* Info.plist */,
			);
			path = HierarchyTableViewTests;
			sourceTree = "<group>";
		};
		39FCBC681F4D417B00D0AC04 /* HierarchyTableViewUITests */ = {
			isa = PBXGroup;
			children = (
				39FCBC691F4D417B00D0AC04 /* HierarchyTableViewUITests.swift */,
				39FCBC6B1F4D417B00D0AC04 /* Info.plist */,
			);
			path = HierarchyTableViewUITests;
			sourceTree = "<group>";
		};
/* End PBXGroup section */

/* Begin PBXNativeTarget section */
		39FCBC451F4D417B00D0AC04 /* HierarchyTableView */ = {
			isa = PBXNativeTarget;
			buildConfigurationList = 39FCBC6E1F4D417B00D0AC04 /* Build configuration list for PBXNativeTarget "HierarchyTableView" */;
			buildPhases = (
				39FCBC421F4D417B00D0AC04 /* Sources */,
				39FCBC431F4D417B00D0AC04 /* Frameworks */,
				39FCBC441F4D417B00D0AC04 /* Resources */,
			);
			buildRules = (
			);
			dependencies = (
			);
			name = HierarchyTableView;
			productName = HierarchyTableView;
			productReference = 39FCBC461F4D417B00D0AC04 /* HierarchyTableView.app */;
			productType = "com.apple.product-type.application";
		};
		39FCBC591F4D417B00D0AC04 /* HierarchyTableViewTests */ = {
			isa = PBXNativeTarget;
			buildConfigurationList = 39FCBC711F4D417B00D0AC04 /* Build configuration list for PBXNativeTarget "HierarchyTableViewTests" */;
			buildPhases = (
				39FCBC561F4D417B00D0AC04 /* Sources */,
				39FCBC571F4D417B00D0AC04 /* Frameworks */,
				39FCBC581F4D417B00D0AC04 /* Resources */,
			);
			buildRules = (
			);
			dependencies = (
				39FCBC5C1F4D417B00D0AC04 /* PBXTargetDependency */,
			);
			name = HierarchyTableViewTests;
			productName = HierarchyTableViewTests;
			productReference = 39FCBC5A1F4D417B00D0AC04 /* HierarchyTableViewTests.xctest */;
			productType = "com.apple.product-type.bundle.unit-test";
		};
		39FCBC641F4D417B00D0AC04 /* HierarchyTableViewUITests */ = {
			isa = PBXNativeTarget;
			buildConfigurationList = 39FCBC741F4D417B00D0AC04 /* Build configuration list for PBXNativeTarget "HierarchyTableViewUITests" */;
			buildPhases = (
				39FCBC611F4D417B00D0AC04 /* Sources */,
				39FCBC621F4D417B00D0AC04 /* Frameworks */,
				39FCBC631F4D417B00D0AC04 /* Resources */,
			);
			buildRules = (
			);
			dependencies = (
				39FCBC671F4D417B00D0AC04 /* PBXTargetDependency */,
			);
			name = HierarchyTableViewUITests;
			productName = HierarchyTableViewUITests;
			productReference = 39FCBC651F4D417B00D0AC04 /* HierarchyTableViewUITests.xctest */;
			productType = "com.apple.product-type.bundle.ui-testing";
		};
/* End PBXNativeTarget section */

/* Begin PBXProject section */
		39FCBC3E1F4D417B00D0AC04 /* Project object */ = {
			isa = PBXProject;
			attributes = {
				LastSwiftUpdateCheck = 0830;
				LastUpgradeCheck = 0830;
				ORGANIZATIONNAME = "Sosuke Hirayama";
				TargetAttributes = {
					39FCBC451F4D417B00D0AC04 = {
						CreatedOnToolsVersion = 8.3.3;
						ProvisioningStyle = Automatic;
					};
					39FCBC591F4D417B00D0AC04 = {
						CreatedOnToolsVersion = 8.3.3;
						ProvisioningStyle = Automatic;
						TestTargetID = 39FCBC451F4D417B00D0AC04;
					};
					39FCBC641F4D417B00D0AC04 = {
						CreatedOnToolsVersion = 8.3.3;
						ProvisioningStyle = Automatic;
						TestTargetID = 39FCBC451F4D417B00D0AC04;
					};
				};
			};
			buildConfigurationList = 39FCBC411F4D417B00D0AC04 /* Build configuration list for PBXProject "HierarchyTableView" */;
			compatibilityVersion = "Xcode 3.2";
			developmentRegion = English;
			hasScannedForEncodings = 0;
			knownRegions = (
				en,
				Base,
			);
			mainGroup = 39FCBC3D1F4D417B00D0AC04;
			productRefGroup = 39FCBC471F4D417B00D0AC04 /* Products */;
			projectDirPath = "";
			projectRoot = "";
			targets = (
				39FCBC451F4D417B00D0AC04 /* HierarchyTableView */,
				39FCBC591F4D417B00D0AC04 /* HierarchyTableViewTests */,
				39FCBC641F4D417B00D0AC04 /* HierarchyTableViewUITests */,
			);
		};
/* End PBXProject section */

/* Begin PBXResourcesBuildPhase section */
		39FCBC441F4D417B00D0AC04 /* Resources */ = {
			isa = PBXResourcesBuildPhase;
			buildActionMask = 2147483647;
			files = (
				39FCBC541F4D417B00D0AC04 /* LaunchScreen.storyboard in Resources */,
				39FCBC511F4D417B00D0AC04 /* Assets.xcassets in Resources */,
				39FCBC4F1F4D417B00D0AC04 /* Main.storyboard in Resources */,
			);
			runOnlyForDeploymentPostprocessing = 0;
		};
		39FCBC581F4D417B00D0AC04 /* Resources */ = {
			isa = PBXResourcesBuildPhase;
			buildActionMask = 2147483647;
			files = (
			);
			runOnlyForDeploymentPostprocessing = 0;
		};
		39FCBC631F4D417B00D0AC04 /* Resources */ = {
			isa = PBXResourcesBuildPhase;
			buildActionMask = 2147483647;
			files = (
			);
			runOnlyForDeploymentPostprocessing = 0;
		};
/* End PBXResourcesBuildPhase section */

/* Begin PBXSourcesBuildPhase section */
		39FCBC421F4D417B00D0AC04 /* Sources */ = {
			isa = PBXSourcesBuildPhase;
			buildActionMask = 2147483647;
			files = (
				39FCBC4C1F4D417B00D0AC04 /* ViewController.swift in Sources */,
				39FCBC4A1F4D417B00D0AC04 /* AppDelegate.swift in Sources */,
			);
			runOnlyForDeploymentPostprocessing = 0;
		};
		39FCBC561F4D417B00D0AC04 /* Sources */ = {
			isa = PBXSourcesBuildPhase;
			buildActionMask = 2147483647;
			files = (
				39FCBC5F1F4D417B00D0AC04 /* HierarchyTableViewTests.swift in Sources */,
			);
			runOnlyForDeploymentPostprocessing = 0;
		};
		39FCBC611F4D417B00D0AC04 /* Sources */ = {
			isa = PBXSourcesBuildPhase;
			buildActionMask = 2147483647;
			files = (
				39FCBC6A1F4D417B00D0AC04 /* HierarchyTableViewUITests.swift in Sources */,
			);
			runOnlyForDeploymentPostprocessing = 0;
		};
/* End PBXSourcesBuildPhase section */

/* Begin PBXTargetDependency section */
		39FCBC5C1F4D417B00D0AC04 /* PBXTargetDependency */ = {
			isa = PBXTargetDependency;
			target = 39FCBC451F4D417B00D0AC04 /* HierarchyTableView */;
			targetProxy = 39FCBC5B1F4D417B00D0AC04 /* PBXContainerItemProxy */;
		};
		39FCBC671F4D417B00D0AC04 /* PBXTargetDependency */ = {
			isa = PBXTargetDependency;
			target = 39FCBC451F4D417B00D0AC04 /* HierarchyTableView */;
			targetProxy = 39FCBC661F4D417B00D0AC04 /* PBXContainerItemProxy */;
		};
/* End PBXTargetDependency section */

/* Begin PBXVariantGroup section */
		39FCBC4D1F4D417B00D0AC04 /* Main.storyboard */ = {
			isa = PBXVariantGroup;
			children = (
				39FCBC4E1F4D417B00D0AC04 /* Base */,
			);
			name = Main.storyboard;
			sourceTree = "<group>";
		};
		39FCBC521F4D417B00D0AC04 /* LaunchScreen.storyboard */ = {
			isa = PBXVariantGroup;
			children = (
				39FCBC531F4D417B00D0AC04 /* Base */,
			);
			name = LaunchScreen.storyboard;
			sourceTree = "<group>";
		};
/* End PBXVariantGroup section */

/* Begin XCBuildConfiguration section */
		39FCBC6C1F4D417B00D0AC04 /* Debug */ = {
			isa = XCBuildConfiguration;
			buildSettings = {
				ALWAYS_SEARCH_USER_PATHS = NO;
				CLANG_ANALYZER_NONNULL = YES;
				CLANG_ANALYZER_NUMBER_OBJECT_CONVERSION = YES_AGGRESSIVE;
				CLANG_CXX_LANGUAGE_STANDARD = "gnu++0x";
				CLANG_CXX_LIBRARY = "libc++";
				CLANG_ENABLE_MODULES = YES;
				CLANG_ENABLE_OBJC_ARC = YES;
				CLANG_WARN_BOOL_CONVERSION = YES;
				CLANG_WARN_CONSTANT_CONVERSION = YES;
				CLANG_WARN_DIRECT_OBJC_ISA_USAGE = YES_ERROR;
				CLANG_WARN_DOCUMENTATION_COMMENTS = YES;
				CLANG_WARN_EMPTY_BODY = YES;
				CLANG_WARN_ENUM_CONVERSION = YES;
				CLANG_WARN_INFINITE_RECURSION = YES;
				CLANG_WARN_INT_CONVERSION = YES;
				CLANG_WARN_OBJC_ROOT_CLASS = YES_ERROR;
				CLANG_WARN_SUSPICIOUS_MOVE = YES;
				CLANG_WARN_UNREACHABLE_CODE = YES;
				CLANG_WARN__DUPLICATE_METHOD_MATCH = YES;
				"CODE_SIGN_IDENTITY[sdk=iphoneos*]" = "iPhone Developer";
				COPY_PHASE_STRIP = NO;
				DEBUG_INFORMATION_FORMAT = dwarf;
				ENABLE_STRICT_OBJC_MSGSEND = YES;
				ENABLE_TESTABILITY = YES;
				GCC_C_LANGUAGE_STANDARD = gnu99;
				GCC_DYNAMIC_NO_PIC = NO;
				GCC_NO_COMMON_BLOCKS = YES;
				GCC_OPTIMIZATION_LEVEL = 0;
				GCC_PREPROCESSOR_DEFINITIONS = (
					"DEBUG=1",
					"$(inherited)",
				);
				GCC_WARN_64_TO_32_BIT_CONVERSION = YES;
				GCC_WARN_ABOUT_RETURN_TYPE = YES_ERROR;
				GCC_WARN_UNDECLARED_SELECTOR = YES;
				GCC_WARN_UNINITIALIZED_AUTOS = YES_AGGRESSIVE;
				GCC_WARN_UNUSED_FUNCTION = YES;
				GCC_WARN_UNUSED_VARIABLE = YES;
				IPHONEOS_DEPLOYMENT_TARGET = 10.3;
				MTL_ENABLE_DEBUG_INFO = YES;
				ONLY_ACTIVE_ARCH = YES;
				SDKROOT = iphoneos;
				SWIFT_ACTIVE_COMPILATION_CONDITIONS = DEBUG;
				SWIFT_OPTIMIZATION_LEVEL = "-Onone";
				TARGETED_DEVICE_FAMILY = "1,2";
			};
			name = Debug;
		};
		39FCBC6D1F4D417B00D0AC04 /* Release */ = {
			isa = XCBuildConfiguration;
			buildSettings = {
				ALWAYS_SEARCH_USER_PATHS = NO;
				CLANG_ANALYZER_NONNULL = YES;
				CLANG_ANALYZER_NUMBER_OBJECT_CONVERSION = YES_AGGRESSIVE;
				CLANG_CXX_LANGUAGE_STANDARD = "gnu++0x";
				CLANG_CXX_LIBRARY = "libc++";
				CLANG_ENABLE_MODULES = YES;
				CLANG_ENABLE_OBJC_ARC = YES;
				CLANG_WARN_BOOL_CONVERSION = YES;
				CLANG_WARN_CONSTANT_CONVERSION = YES;
				CLANG_WARN_DIRECT_OBJC_ISA_USAGE = YES_ERROR;
				CLANG_WARN_DOCUMENTATION_COMMENTS = YES;
				CLANG_WARN_EMPTY_BODY = YES;
				CLANG_WARN_ENUM_CONVERSION = YES;
				CLANG_WARN_INFINITE_RECURSION = YES;
				CLANG_WARN_INT_CONVERSION = YES;
				CLANG_WARN_OBJC_ROOT_CLASS = YES_ERROR;
				CLANG_WARN_SUSPICIOUS_MOVE = YES;
				CLANG_WARN_UNREACHABLE_CODE = YES;
				CLANG_WARN__DUPLICATE_METHOD_MATCH = YES;
				"CODE_SIGN_IDENTITY[sdk=iphoneos*]" = "iPhone Developer";
				COPY_PHASE_STRIP = NO;
				DEBUG_INFORMATION_FORMAT = "dwarf-with-dsym";
				ENABLE_NS_ASSERTIONS = NO;
				ENABLE_STRICT_OBJC_MSGSEND = YES;
				GCC_C_LANGUAGE_STANDARD = gnu99;
				GCC_NO_COMMON_BLOCKS = YES;
				GCC_WARN_64_TO_32_BIT_CONVERSION = YES;
				GCC_WARN_ABOUT_RETURN_TYPE = YES_ERROR;
				GCC_WARN_UNDECLARED_SELECTOR = YES;
				GCC_WARN_UNINITIALIZED_AUTOS = YES_AGGRESSIVE;
				GCC_WARN_UNUSED_FUNCTION = YES;
				GCC_WARN_UNUSED_VARIABLE = YES;
				IPHONEOS_DEPLOYMENT_TARGET = 10.3;
				MTL_ENABLE_DEBUG_INFO = NO;
				SDKROOT = iphoneos;
				SWIFT_OPTIMIZATION_LEVEL = "-Owholemodule";
				TARGETED_DEVICE_FAMILY = "1,2";
				VALIDATE_PRODUCT = YES;
			};
			name = Release;
		};
		39FCBC6F1F4D417B00D0AC04 /* Debug */ = {
			isa = XCBuildConfiguration;
			buildSettings = {
				ASSETCATALOG_COMPILER_APPICON_NAME = AppIcon;
				INFOPLIST_FILE = HierarchyTableView/Info.plist;
				LD_RUNPATH_SEARCH_PATHS = "$(inherited) @executable_path/Frameworks";
				PRODUCT_BUNDLE_IDENTIFIER = jp.sdesign.HierarchyTableView;
				PRODUCT_NAME = "$(TARGET_NAME)";
				SWIFT_VERSION = 3.0;
			};
			name = Debug;
		};
		39FCBC701F4D417B00D0AC04 /* Release */ = {
			isa = XCBuildConfiguration;
			buildSettings = {
				ASSETCATALOG_COMPILER_APPICON_NAME = AppIcon;
				INFOPLIST_FILE = HierarchyTableView/Info.plist;
				LD_RUNPATH_SEARCH_PATHS = "$(inherited) @executable_path/Frameworks";
				PRODUCT_BUNDLE_IDENTIFIER = jp.sdesign.HierarchyTableView;
				PRODUCT_NAME = "$(TARGET_NAME)";
				SWIFT_VERSION = 3.0;
			};
			name = Release;
		};
		39FCBC721F4D417B00D0AC04 /* Debug */ = {
			isa = XCBuildConfiguration;
			buildSettings = {
				ALWAYS_EMBED_SWIFT_STANDARD_LIBRARIES = YES;
				BUNDLE_LOADER = "$(TEST_HOST)";
				INFOPLIST_FILE = HierarchyTableViewTests/Info.plist;
				LD_RUNPATH_SEARCH_PATHS = "$(inherited) @executable_path/Frameworks @loader_path/Frameworks";
				PRODUCT_BUNDLE_IDENTIFIER = jp.sdesign.HierarchyTableViewTests;
				PRODUCT_NAME = "$(TARGET_NAME)";
				SWIFT_VERSION = 3.0;
				TEST_HOST = "$(BUILT_PRODUCTS_DIR)/HierarchyTableView.app/HierarchyTableView";
			};
			name = Debug;
		};
		39FCBC731F4D417B00D0AC04 /* Release */ = {
			isa = XCBuildConfiguration;
			buildSettings = {
				ALWAYS_EMBED_SWIFT_STANDARD_LIBRARIES = YES;
				BUNDLE_LOADER = "$(TEST_HOST)";
				INFOPLIST_FILE = HierarchyTableViewTests/Info.plist;
				LD_RUNPATH_SEARCH_PATHS = "$(inherited) @executable_path/Frameworks @loader_path/Frameworks";
				PRODUCT_BUNDLE_IDENTIFIER = jp.sdesign.HierarchyTableViewTests;
				PRODUCT_NAME = "$(TARGET_NAME)";
				SWIFT_VERSION = 3.0;
				TEST_HOST = "$(BUILT_PRODUCTS_DIR)/HierarchyTableView.app/HierarchyTableView";
			};
			name = Release;
		};
		39FCBC751F4D417B00D0AC04 /* Debug */ = {
			isa = XCBuildConfiguration;
			buildSettings = {
				ALWAYS_EMBED_SWIFT_STANDARD_LIBRARIES = YES;
				INFOPLIST_FILE = HierarchyTableViewUITests/Info.plist;
				LD_RUNPATH_SEARCH_PATHS = "$(inherited) @executable_path/Frameworks @loader_path/Frameworks";
				PRODUCT_BUNDLE_IDENTIFIER = jp.sdesign.HierarchyTableViewUITests;
				PRODUCT_NAME = "$(TARGET_NAME)";
				SWIFT_VERSION = 3.0;
				TEST_TARGET_NAME = HierarchyTableView;
			};
			name = Debug;
		};
		39FCBC761F4D417B00D0AC04 /* Release */ = {
			isa = XCBuildConfiguration;
			buildSettings = {
				ALWAYS_EMBED_SWIFT_STANDARD_LIBRARIES = YES;
				INFOPLIST_FILE = HierarchyTableViewUITests/Info.plist;
				LD_RUNPATH_SEARCH_PATHS = "$(inherited) @executable_path/Frameworks @loader_path/Frameworks";
				PRODUCT_BUNDLE_IDENTIFIER = jp.sdesign.HierarchyTableViewUITests;
				PRODUCT_NAME = "$(TARGET_NAME)";
				SWIFT_VERSION = 3.0;
				TEST_TARGET_NAME = HierarchyTableView;
			};
			name = Release;
		};
/* End XCBuildConfiguration section */

/* Begin XCConfigurationList section */
		39FCBC411F4D417B00D0AC04 /* Build configuration list for PBXProject "HierarchyTableView" */ = {
			isa = XCConfigurationList;
			buildConfigurations = (
				39FCBC6C1F4D417B00D0AC04 /* Debug */,
				39FCBC6D1F4D417B00D0AC04 /* Release */,
			);
			defaultConfigurationIsVisible = 0;
			defaultConfigurationName = Release;
		};
		39FCBC6E1F4D417B00D0AC04 /* Build configuration list for PBXNativeTarget "HierarchyTableView" */ = {
			isa = XCConfigurationList;
			buildConfigurations = (
				39FCBC6F1F4D417B00D0AC04 /* Debug */,
				39FCBC701F4D417B00D0AC04 /* Release */,
			);
			defaultConfigurationIsVisible = 0;
		};
		39FCBC711F4D417B00D0AC04 /* Build configuration list for PBXNativeTarget "HierarchyTableViewTests" */ = {
			isa = XCConfigurationList;
			buildConfigurations = (
				39FCBC721F4D417B00D0AC04 /* Debug */,
				39FCBC731F4D417B00D0AC04 /* Release */,
			);
			defaultConfigurationIsVisible = 0;
		};
		39FCBC741F4D417B00D0AC04 /* Build configuration list for PBXNativeTarget "HierarchyTableViewUITests" */ = {
			isa = XCConfigurationList;
			buildConfigurations = (
				39FCBC751F4D417B00D0AC04 /* Debug */,
				39FCBC761F4D417B00D0AC04 /* Release */,
			);
			defaultConfigurationIsVisible = 0;
		};
/* End XCConfigurationList section */
	};
	rootObject = 39FCBC3E1F4D417B00D0AC04 /* Project object */;
}
